// !$*UTF8*$!
{
	archiveVersion = 1;
	classes = {
	};
	objectVersion = 50;
	objects = {

/* Begin PBXBuildFile section */
		50943B9425EA5DBC00FA68A4 /* AppDelegate.swift in Sources */ = {isa = PBXBuildFile; fileRef = 50943B9325EA5DBC00FA68A4 /* AppDelegate.swift */; };
		50943B9625EA5DBC00FA68A4 /* SceneDelegate.swift in Sources */ = {isa = PBXBuildFile; fileRef = 50943B9525EA5DBC00FA68A4 /* SceneDelegate.swift */; };
		50943B9D25EA5DBE00FA68A4 /* Assets.xcassets in Resources */ = {isa = PBXBuildFile; fileRef = 50943B9C25EA5DBE00FA68A4 /* Assets.xcassets */; };
		50943BA025EA5DBE00FA68A4 /* LaunchScreen.storyboard in Resources */ = {isa = PBXBuildFile; fileRef = 50943B9E25EA5DBE00FA68A4 /* LaunchScreen.storyboard */; };
		50943BB625EA5DBE00FA68A4 /* GoogleFontPickerUITests.swift in Sources */ = {isa = PBXBuildFile; fileRef = 50943BB525EA5DBE00FA68A4 /* GoogleFontPickerUITests.swift */; };
		50943BD725EA677500FA68A4 /* MainViewController.swift in Sources */ = {isa = PBXBuildFile; fileRef = 50943BD625EA677500FA68A4 /* MainViewController.swift */; };
		50943BE425EA73FE00FA68A4 /* FontEntity.swift in Sources */ = {isa = PBXBuildFile; fileRef = 50943BE325EA73FE00FA68A4 /* FontEntity.swift */; };
		509BFAC125ECC6780045C946 /* FetchFontsUseCase.swift in Sources */ = {isa = PBXBuildFile; fileRef = 509BFAC025ECC6780045C946 /* FetchFontsUseCase.swift */; };
		509BFAC725ECC7000045C946 /* FontListRemoteRepository.swift in Sources */ = {isa = PBXBuildFile; fileRef = 509BFAC625ECC7000045C946 /* FontListRemoteRepository.swift */; };
		509BFB0725ECCB340045C946 /* NetworkResponse.swift in Sources */ = {isa = PBXBuildFile; fileRef = 509BFAF625ECCB340045C946 /* NetworkResponse.swift */; };
		509BFB0925ECCB340045C946 /* NetworkSession.swift in Sources */ = {isa = PBXBuildFile; fileRef = 509BFAF825ECCB340045C946 /* NetworkSession.swift */; };
		509BFB0A25ECCB340045C946 /* NetworkService.swift in Sources */ = {isa = PBXBuildFile; fileRef = 509BFAF925ECCB340045C946 /* NetworkService.swift */; };
		509BFB0C25ECCB340045C946 /* NetworkPlugin.swift in Sources */ = {isa = PBXBuildFile; fileRef = 509BFAFC25ECCB340045C946 /* NetworkPlugin.swift */; };
		509BFB0D25ECCB340045C946 /* NetworkTask.swift in Sources */ = {isa = PBXBuildFile; fileRef = 509BFAFD25ECCB340045C946 /* NetworkTask.swift */; };
		509BFB0E25ECCB340045C946 /* HTTPMethod.swift in Sources */ = {isa = PBXBuildFile; fileRef = 509BFAFE25ECCB340045C946 /* HTTPMethod.swift */; };
		509BFB0F25ECCB340045C946 /* NetworkAdapter.swift in Sources */ = {isa = PBXBuildFile; fileRef = 509BFAFF25ECCB340045C946 /* NetworkAdapter.swift */; };
		509BFB1025ECCB340045C946 /* NetworkDecision.swift in Sources */ = {isa = PBXBuildFile; fileRef = 509BFB0025ECCB340045C946 /* NetworkDecision.swift */; };
		509BFB1225ECCB340045C946 /* NetworkLogger.swift in Sources */ = {isa = PBXBuildFile; fileRef = 509BFB0225ECCB340045C946 /* NetworkLogger.swift */; };
		509BFB1325ECCB340045C946 /* URLEncoder.swift in Sources */ = {isa = PBXBuildFile; fileRef = 509BFB0325ECCB340045C946 /* URLEncoder.swift */; };
		509BFB1425ECCB340045C946 /* NetworkCancelable.swift in Sources */ = {isa = PBXBuildFile; fileRef = 509BFB0425ECCB340045C946 /* NetworkCancelable.swift */; };
		509BFB1525ECCB340045C946 /* NetworkError.swift in Sources */ = {isa = PBXBuildFile; fileRef = 509BFB0525ECCB340045C946 /* NetworkError.swift */; };
		509BFB1625ECCB340045C946 /* NetworkRequest.swift in Sources */ = {isa = PBXBuildFile; fileRef = 509BFB0625ECCB340045C946 /* NetworkRequest.swift */; };
		509BFB2825ECD4600045C946 /* FontListRequest.swift in Sources */ = {isa = PBXBuildFile; fileRef = 509BFB2725ECD4600045C946 /* FontListRequest.swift */; };
		509DDFC925ECBE4A00B4B1A1 /* FontListDTO_Tests.swift in Sources */ = {isa = PBXBuildFile; fileRef = 509DDFC825ECBE4A00B4B1A1 /* FontListDTO_Tests.swift */; };
		509DDFCF25ECBEE800B4B1A1 /* FontListDTO.json in Resources */ = {isa = PBXBuildFile; fileRef = 509DDFCE25ECBEE800B4B1A1 /* FontListDTO.json */; };
		509DDFD725ECBF3400B4B1A1 /* XCTestCase+Extensions.swift in Sources */ = {isa = PBXBuildFile; fileRef = 509DDFD625ECBF3400B4B1A1 /* XCTestCase+Extensions.swift */; };
		95576037E813CB3B24E67230 /* Pods_GoogleFontPicker.framework in Frameworks */ = {isa = PBXBuildFile; fileRef = B81B2A95BD2E702DBEAF526D /* Pods_GoogleFontPicker.framework */; };
		BC696397F84000015C85E845 /* Pods_GoogleFontPicker_GoogleFontPickerUITests.framework in Frameworks */ = {isa = PBXBuildFile; fileRef = 5BB5462630CE753CC1125269 /* Pods_GoogleFontPicker_GoogleFontPickerUITests.framework */; };
		C21673AC14FFC15030BAAD81 /* Pods_GoogleFontPickerTests.framework in Frameworks */ = {isa = PBXBuildFile; fileRef = D8E8F794478AEED2500CF23F /* Pods_GoogleFontPickerTests.framework */; };
/* End PBXBuildFile section */

/* Begin PBXContainerItemProxy section */
		50943BA725EA5DBE00FA68A4 /* PBXContainerItemProxy */ = {
			isa = PBXContainerItemProxy;
			containerPortal = 50943B8825EA5DBC00FA68A4 /* Project object */;
			proxyType = 1;
			remoteGlobalIDString = 50943B8F25EA5DBC00FA68A4;
			remoteInfo = GoogleFontPicker;
		};
		50943BB225EA5DBE00FA68A4 /* PBXContainerItemProxy */ = {
			isa = PBXContainerItemProxy;
			containerPortal = 50943B8825EA5DBC00FA68A4 /* Project object */;
			proxyType = 1;
			remoteGlobalIDString = 50943B8F25EA5DBC00FA68A4;
			remoteInfo = GoogleFontPicker;
		};
/* End PBXContainerItemProxy section */

/* Begin PBXFileReference section */
		0421805482EB53F0422E8E5D /* Pods-GoogleFontPicker.release.xcconfig */ = {isa = PBXFileReference; includeInIndex = 1; lastKnownFileType = text.xcconfig; name = "Pods-GoogleFontPicker.release.xcconfig"; path = "Target Support Files/Pods-GoogleFontPicker/Pods-GoogleFontPicker.release.xcconfig"; sourceTree = "<group>"; };
		0E9E933BCDA6A5686A6F3549 /* Pods-GoogleFontPickerTests.debug.xcconfig */ = {isa = PBXFileReference; includeInIndex = 1; lastKnownFileType = text.xcconfig; name = "Pods-GoogleFontPickerTests.debug.xcconfig"; path = "Target Support Files/Pods-GoogleFontPickerTests/Pods-GoogleFontPickerTests.debug.xcconfig"; sourceTree = "<group>"; };
		4284E0DCC610424BC090DD64 /* Pods-GoogleFontPickerTests.release.xcconfig */ = {isa = PBXFileReference; includeInIndex = 1; lastKnownFileType = text.xcconfig; name = "Pods-GoogleFontPickerTests.release.xcconfig"; path = "Target Support Files/Pods-GoogleFontPickerTests/Pods-GoogleFontPickerTests.release.xcconfig"; sourceTree = "<group>"; };
		50943B9025EA5DBC00FA68A4 /* GoogleFontPicker.app */ = {isa = PBXFileReference; explicitFileType = wrapper.application; includeInIndex = 0; path = GoogleFontPicker.app; sourceTree = BUILT_PRODUCTS_DIR; };
		50943B9325EA5DBC00FA68A4 /* AppDelegate.swift */ = {isa = PBXFileReference; lastKnownFileType = sourcecode.swift; path = AppDelegate.swift; sourceTree = "<group>"; };
		50943B9525EA5DBC00FA68A4 /* SceneDelegate.swift */ = {isa = PBXFileReference; lastKnownFileType = sourcecode.swift; path = SceneDelegate.swift; sourceTree = "<group>"; };
		50943B9C25EA5DBE00FA68A4 /* Assets.xcassets */ = {isa = PBXFileReference; lastKnownFileType = folder.assetcatalog; path = Assets.xcassets; sourceTree = "<group>"; };
		50943B9F25EA5DBE00FA68A4 /* Base */ = {isa = PBXFileReference; lastKnownFileType = file.storyboard; name = Base; path = Base.lproj/LaunchScreen.storyboard; sourceTree = "<group>"; };
		50943BA125EA5DBE00FA68A4 /* Info.plist */ = {isa = PBXFileReference; lastKnownFileType = text.plist.xml; path = Info.plist; sourceTree = "<group>"; };
		50943BA625EA5DBE00FA68A4 /* GoogleFontPickerTests.xctest */ = {isa = PBXFileReference; explicitFileType = wrapper.cfbundle; includeInIndex = 0; path = GoogleFontPickerTests.xctest; sourceTree = BUILT_PRODUCTS_DIR; };
		50943BAC25EA5DBE00FA68A4 /* Info.plist */ = {isa = PBXFileReference; lastKnownFileType = text.plist.xml; path = Info.plist; sourceTree = "<group>"; };
		50943BB125EA5DBE00FA68A4 /* GoogleFontPickerUITests.xctest */ = {isa = PBXFileReference; explicitFileType = wrapper.cfbundle; includeInIndex = 0; path = GoogleFontPickerUITests.xctest; sourceTree = BUILT_PRODUCTS_DIR; };
		50943BB525EA5DBE00FA68A4 /* GoogleFontPickerUITests.swift */ = {isa = PBXFileReference; lastKnownFileType = sourcecode.swift; path = GoogleFontPickerUITests.swift; sourceTree = "<group>"; };
		50943BB725EA5DBE00FA68A4 /* Info.plist */ = {isa = PBXFileReference; lastKnownFileType = text.plist.xml; path = Info.plist; sourceTree = "<group>"; };
		50943BD625EA677500FA68A4 /* MainViewController.swift */ = {isa = PBXFileReference; lastKnownFileType = sourcecode.swift; path = MainViewController.swift; sourceTree = "<group>"; };
		50943BE325EA73FE00FA68A4 /* FontEntity.swift */ = {isa = PBXFileReference; lastKnownFileType = sourcecode.swift; path = FontEntity.swift; sourceTree = "<group>"; };
		509BFAC025ECC6780045C946 /* FetchFontsUseCase.swift */ = {isa = PBXFileReference; fileEncoding = 4; lastKnownFileType = sourcecode.swift; path = FetchFontsUseCase.swift; sourceTree = "<group>"; };
		509BFAC625ECC7000045C946 /* FontListRemoteRepository.swift */ = {isa = PBXFileReference; lastKnownFileType = sourcecode.swift; path = FontListRemoteRepository.swift; sourceTree = "<group>"; };
		509BFAF625ECCB340045C946 /* NetworkResponse.swift */ = {isa = PBXFileReference; fileEncoding = 4; lastKnownFileType = sourcecode.swift; path = NetworkResponse.swift; sourceTree = "<group>"; };
		509BFAF825ECCB340045C946 /* NetworkSession.swift */ = {isa = PBXFileReference; fileEncoding = 4; lastKnownFileType = sourcecode.swift; path = NetworkSession.swift; sourceTree = "<group>"; };
		509BFAF925ECCB340045C946 /* NetworkService.swift */ = {isa = PBXFileReference; fileEncoding = 4; lastKnownFileType = sourcecode.swift; path = NetworkService.swift; sourceTree = "<group>"; };
		509BFAFC25ECCB340045C946 /* NetworkPlugin.swift */ = {isa = PBXFileReference; fileEncoding = 4; lastKnownFileType = sourcecode.swift; path = NetworkPlugin.swift; sourceTree = "<group>"; };
		509BFAFD25ECCB340045C946 /* NetworkTask.swift */ = {isa = PBXFileReference; fileEncoding = 4; lastKnownFileType = sourcecode.swift; path = NetworkTask.swift; sourceTree = "<group>"; };
		509BFAFE25ECCB340045C946 /* HTTPMethod.swift */ = {isa = PBXFileReference; fileEncoding = 4; lastKnownFileType = sourcecode.swift; path = HTTPMethod.swift; sourceTree = "<group>"; };
		509BFAFF25ECCB340045C946 /* NetworkAdapter.swift */ = {isa = PBXFileReference; fileEncoding = 4; lastKnownFileType = sourcecode.swift; path = NetworkAdapter.swift; sourceTree = "<group>"; };
		509BFB0025ECCB340045C946 /* NetworkDecision.swift */ = {isa = PBXFileReference; fileEncoding = 4; lastKnownFileType = sourcecode.swift; path = NetworkDecision.swift; sourceTree = "<group>"; };
		509BFB0225ECCB340045C946 /* NetworkLogger.swift */ = {isa = PBXFileReference; fileEncoding = 4; lastKnownFileType = sourcecode.swift; path = NetworkLogger.swift; sourceTree = "<group>"; };
		509BFB0325ECCB340045C946 /* URLEncoder.swift */ = {isa = PBXFileReference; fileEncoding = 4; lastKnownFileType = sourcecode.swift; path = URLEncoder.swift; sourceTree = "<group>"; };
		509BFB0425ECCB340045C946 /* NetworkCancelable.swift */ = {isa = PBXFileReference; fileEncoding = 4; lastKnownFileType = sourcecode.swift; path = NetworkCancelable.swift; sourceTree = "<group>"; };
		509BFB0525ECCB340045C946 /* NetworkError.swift */ = {isa = PBXFileReference; fileEncoding = 4; lastKnownFileType = sourcecode.swift; path = NetworkError.swift; sourceTree = "<group>"; };
		509BFB0625ECCB340045C946 /* NetworkRequest.swift */ = {isa = PBXFileReference; fileEncoding = 4; lastKnownFileType = sourcecode.swift; path = NetworkRequest.swift; sourceTree = "<group>"; };
		509BFB2725ECD4600045C946 /* FontListRequest.swift */ = {isa = PBXFileReference; lastKnownFileType = sourcecode.swift; path = FontListRequest.swift; sourceTree = "<group>"; };
		509DDFC725ECBE4A00B4B1A1 /* GoogleFontPickerTests-Bridging-Header.h */ = {isa = PBXFileReference; lastKnownFileType = sourcecode.c.h; path = "GoogleFontPickerTests-Bridging-Header.h"; sourceTree = "<group>"; };
		509DDFC825ECBE4A00B4B1A1 /* FontListDTO_Tests.swift */ = {isa = PBXFileReference; lastKnownFileType = sourcecode.swift; path = FontListDTO_Tests.swift; sourceTree = "<group>"; };
		509DDFCE25ECBEE800B4B1A1 /* FontListDTO.json */ = {isa = PBXFileReference; lastKnownFileType = text.json; path = FontListDTO.json; sourceTree = "<group>"; };
		509DDFD625ECBF3400B4B1A1 /* XCTestCase+Extensions.swift */ = {isa = PBXFileReference; lastKnownFileType = sourcecode.swift; path = "XCTestCase+Extensions.swift"; sourceTree = "<group>"; };
		5345EB520536BE34D79EAF6C /* Pods-GoogleFontPicker-GoogleFontPickerUITests.debug.xcconfig */ = {isa = PBXFileReference; includeInIndex = 1; lastKnownFileType = text.xcconfig; name = "Pods-GoogleFontPicker-GoogleFontPickerUITests.debug.xcconfig"; path = "Target Support Files/Pods-GoogleFontPicker-GoogleFontPickerUITests/Pods-GoogleFontPicker-GoogleFontPickerUITests.debug.xcconfig"; sourceTree = "<group>"; };
		59E2A2693679D46C8CFC3337 /* Pods-GoogleFontPicker.debug.xcconfig */ = {isa = PBXFileReference; includeInIndex = 1; lastKnownFileType = text.xcconfig; name = "Pods-GoogleFontPicker.debug.xcconfig"; path = "Target Support Files/Pods-GoogleFontPicker/Pods-GoogleFontPicker.debug.xcconfig"; sourceTree = "<group>"; };
		5BB5462630CE753CC1125269 /* Pods_GoogleFontPicker_GoogleFontPickerUITests.framework */ = {isa = PBXFileReference; explicitFileType = wrapper.framework; includeInIndex = 0; path = Pods_GoogleFontPicker_GoogleFontPickerUITests.framework; sourceTree = BUILT_PRODUCTS_DIR; };
		836E1BF58E990BAA2208BB6D /* Pods-GoogleFontPicker-GoogleFontPickerUITests.release.xcconfig */ = {isa = PBXFileReference; includeInIndex = 1; lastKnownFileType = text.xcconfig; name = "Pods-GoogleFontPicker-GoogleFontPickerUITests.release.xcconfig"; path = "Target Support Files/Pods-GoogleFontPicker-GoogleFontPickerUITests/Pods-GoogleFontPicker-GoogleFontPickerUITests.release.xcconfig"; sourceTree = "<group>"; };
		B81B2A95BD2E702DBEAF526D /* Pods_GoogleFontPicker.framework */ = {isa = PBXFileReference; explicitFileType = wrapper.framework; includeInIndex = 0; path = Pods_GoogleFontPicker.framework; sourceTree = BUILT_PRODUCTS_DIR; };
		D8E8F794478AEED2500CF23F /* Pods_GoogleFontPickerTests.framework */ = {isa = PBXFileReference; explicitFileType = wrapper.framework; includeInIndex = 0; path = Pods_GoogleFontPickerTests.framework; sourceTree = BUILT_PRODUCTS_DIR; };
/* End PBXFileReference section */

/* Begin PBXFrameworksBuildPhase section */
		50943B8D25EA5DBC00FA68A4 /* Frameworks */ = {
			isa = PBXFrameworksBuildPhase;
			buildActionMask = 2147483647;
			files = (
				95576037E813CB3B24E67230 /* Pods_GoogleFontPicker.framework in Frameworks */,
			);
			runOnlyForDeploymentPostprocessing = 0;
		};
		50943BA325EA5DBE00FA68A4 /* Frameworks */ = {
			isa = PBXFrameworksBuildPhase;
			buildActionMask = 2147483647;
			files = (
				C21673AC14FFC15030BAAD81 /* Pods_GoogleFontPickerTests.framework in Frameworks */,
			);
			runOnlyForDeploymentPostprocessing = 0;
		};
		50943BAE25EA5DBE00FA68A4 /* Frameworks */ = {
			isa = PBXFrameworksBuildPhase;
			buildActionMask = 2147483647;
			files = (
				BC696397F84000015C85E845 /* Pods_GoogleFontPicker_GoogleFontPickerUITests.framework in Frameworks */,
			);
			runOnlyForDeploymentPostprocessing = 0;
		};
/* End PBXFrameworksBuildPhase section */

/* Begin PBXGroup section */
		143B6BE5A1B2B6596C6B3B1F /* Frameworks */ = {
			isa = PBXGroup;
			children = (
				B81B2A95BD2E702DBEAF526D /* Pods_GoogleFontPicker.framework */,
				5BB5462630CE753CC1125269 /* Pods_GoogleFontPicker_GoogleFontPickerUITests.framework */,
				D8E8F794478AEED2500CF23F /* Pods_GoogleFontPickerTests.framework */,
			);
			name = Frameworks;
			sourceTree = "<group>";
		};
		50943B8725EA5DBC00FA68A4 = {
			isa = PBXGroup;
			children = (
				50943B9225EA5DBC00FA68A4 /* GoogleFontPicker */,
				50943BA925EA5DBE00FA68A4 /* GoogleFontPickerTests */,
				50943BB425EA5DBE00FA68A4 /* GoogleFontPickerUITests */,
				50943B9125EA5DBC00FA68A4 /* Products */,
				977528D39EF5505BB25FCC7C /* Pods */,
				143B6BE5A1B2B6596C6B3B1F /* Frameworks */,
			);
			sourceTree = "<group>";
		};
		50943B9125EA5DBC00FA68A4 /* Products */ = {
			isa = PBXGroup;
			children = (
				50943B9025EA5DBC00FA68A4 /* GoogleFontPicker.app */,
				50943BA625EA5DBE00FA68A4 /* GoogleFontPickerTests.xctest */,
				50943BB125EA5DBE00FA68A4 /* GoogleFontPickerUITests.xctest */,
			);
			name = Products;
			sourceTree = "<group>";
		};
		50943B9225EA5DBC00FA68A4 /* GoogleFontPicker */ = {
			isa = PBXGroup;
			children = (
				50943B9325EA5DBC00FA68A4 /* AppDelegate.swift */,
				50943B9525EA5DBC00FA68A4 /* SceneDelegate.swift */,
				50943B9C25EA5DBE00FA68A4 /* Assets.xcassets */,
				50943B9E25EA5DBE00FA68A4 /* LaunchScreen.storyboard */,
				50943BA125EA5DBE00FA68A4 /* Info.plist */,
				50943BD525EA671D00FA68A4 /* Main */,
				509BFACB25ECC9240045C946 /* Infrastructure */,
			);
			path = GoogleFontPicker;
			sourceTree = "<group>";
		};
		50943BA925EA5DBE00FA68A4 /* GoogleFontPickerTests */ = {
			isa = PBXGroup;
			children = (
				509DDFCD25ECBEAC00B4B1A1 /* Main */,
				50943BAC25EA5DBE00FA68A4 /* Info.plist */,
				509DDFC725ECBE4A00B4B1A1 /* GoogleFontPickerTests-Bridging-Header.h */,
				509DDFD625ECBF3400B4B1A1 /* XCTestCase+Extensions.swift */,
			);
			path = GoogleFontPickerTests;
			sourceTree = "<group>";
		};
		50943BB425EA5DBE00FA68A4 /* GoogleFontPickerUITests */ = {
			isa = PBXGroup;
			children = (
				50943BB525EA5DBE00FA68A4 /* GoogleFontPickerUITests.swift */,
				50943BB725EA5DBE00FA68A4 /* Info.plist */,
			);
			path = GoogleFontPickerUITests;
			sourceTree = "<group>";
		};
		50943BD525EA671D00FA68A4 /* Main */ = {
			isa = PBXGroup;
			children = (
				509BFAC525ECC6DA0045C946 /* Repository */,
				50943BE225EA73E200FA68A4 /* Domin */,
				50943BE125EA73D300FA68A4 /* View */,
			);
			path = Main;
			sourceTree = "<group>";
		};
		50943BE125EA73D300FA68A4 /* View */ = {
			isa = PBXGroup;
			children = (
				50943BD625EA677500FA68A4 /* MainViewController.swift */,
			);
			path = View;
			sourceTree = "<group>";
		};
		50943BE225EA73E200FA68A4 /* Domin */ = {
			isa = PBXGroup;
			children = (
				509BFAC025ECC6780045C946 /* FetchFontsUseCase.swift */,
				50943BE325EA73FE00FA68A4 /* FontEntity.swift */,
			);
			path = Domin;
			sourceTree = "<group>";
		};
		509BFAC525ECC6DA0045C946 /* Repository */ = {
			isa = PBXGroup;
			children = (
				509BFAC625ECC7000045C946 /* FontListRemoteRepository.swift */,
				509BFB2725ECD4600045C946 /* FontListRequest.swift */,
			);
			path = Repository;
			sourceTree = "<group>";
		};
		509BFACB25ECC9240045C946 /* Infrastructure */ = {
			isa = PBXGroup;
			children = (
				509BFAF525ECCB340045C946 /* Network */,
			);
			path = Infrastructure;
			sourceTree = "<group>";
		};
		509BFAF525ECCB340045C946 /* Network */ = {
			isa = PBXGroup;
			children = (
				509BFAF625ECCB340045C946 /* NetworkResponse.swift */,
				509BFAF825ECCB340045C946 /* NetworkSession.swift */,
				509BFAF925ECCB340045C946 /* NetworkService.swift */,
				509BFB0625ECCB340045C946 /* NetworkRequest.swift */,
				509BFAFA25ECCB340045C946 /* Components */,
			);
			path = Network;
			sourceTree = "<group>";
		};
		509BFAFA25ECCB340045C946 /* Components */ = {
			isa = PBXGroup;
			children = (
				509BFAFC25ECCB340045C946 /* NetworkPlugin.swift */,
				509BFAFD25ECCB340045C946 /* NetworkTask.swift */,
				509BFAFE25ECCB340045C946 /* HTTPMethod.swift */,
				509BFAFF25ECCB340045C946 /* NetworkAdapter.swift */,
				509BFB0025ECCB340045C946 /* NetworkDecision.swift */,
				509BFB0225ECCB340045C946 /* NetworkLogger.swift */,
				509BFB0325ECCB340045C946 /* URLEncoder.swift */,
				509BFB0425ECCB340045C946 /* NetworkCancelable.swift */,
				509BFB0525ECCB340045C946 /* NetworkError.swift */,
			);
			path = Components;
			sourceTree = "<group>";
		};
		509DDFCD25ECBEAC00B4B1A1 /* Main */ = {
			isa = PBXGroup;
			children = (
				509DDFC825ECBE4A00B4B1A1 /* FontListDTO_Tests.swift */,
				509DDFCE25ECBEE800B4B1A1 /* FontListDTO.json */,
			);
			path = Main;
			sourceTree = "<group>";
		};
		977528D39EF5505BB25FCC7C /* Pods */ = {
			isa = PBXGroup;
			children = (
				59E2A2693679D46C8CFC3337 /* Pods-GoogleFontPicker.debug.xcconfig */,
				0421805482EB53F0422E8E5D /* Pods-GoogleFontPicker.release.xcconfig */,
				5345EB520536BE34D79EAF6C /* Pods-GoogleFontPicker-GoogleFontPickerUITests.debug.xcconfig */,
				836E1BF58E990BAA2208BB6D /* Pods-GoogleFontPicker-GoogleFontPickerUITests.release.xcconfig */,
				0E9E933BCDA6A5686A6F3549 /* Pods-GoogleFontPickerTests.debug.xcconfig */,
				4284E0DCC610424BC090DD64 /* Pods-GoogleFontPickerTests.release.xcconfig */,
			);
			path = Pods;
			sourceTree = "<group>";
		};
/* End PBXGroup section */

/* Begin PBXNativeTarget section */
		50943B8F25EA5DBC00FA68A4 /* GoogleFontPicker */ = {
			isa = PBXNativeTarget;
			buildConfigurationList = 50943BBA25EA5DBE00FA68A4 /* Build configuration list for PBXNativeTarget "GoogleFontPicker" */;
			buildPhases = (
				E3E61EB70D9C89EE3A42A263 /* [CP] Check Pods Manifest.lock */,
				50943B8C25EA5DBC00FA68A4 /* Sources */,
				50943B8D25EA5DBC00FA68A4 /* Frameworks */,
				50943B8E25EA5DBC00FA68A4 /* Resources */,
			);
			buildRules = (
			);
			dependencies = (
			);
			name = GoogleFontPicker;
			productName = GoogleFontPicker;
			productReference = 50943B9025EA5DBC00FA68A4 /* GoogleFontPicker.app */;
			productType = "com.apple.product-type.application";
		};
		50943BA525EA5DBE00FA68A4 /* GoogleFontPickerTests */ = {
			isa = PBXNativeTarget;
			buildConfigurationList = 50943BBD25EA5DBE00FA68A4 /* Build configuration list for PBXNativeTarget "GoogleFontPickerTests" */;
			buildPhases = (
				5C0BFA9CD3A630606A2C962F /* [CP] Check Pods Manifest.lock */,
				50943BA225EA5DBE00FA68A4 /* Sources */,
				50943BA325EA5DBE00FA68A4 /* Frameworks */,
				50943BA425EA5DBE00FA68A4 /* Resources */,
			);
			buildRules = (
			);
			dependencies = (
				50943BA825EA5DBE00FA68A4 /* PBXTargetDependency */,
			);
			name = GoogleFontPickerTests;
			productName = GoogleFontPickerTests;
			productReference = 50943BA625EA5DBE00FA68A4 /* GoogleFontPickerTests.xctest */;
			productType = "com.apple.product-type.bundle.unit-test";
		};
		50943BB025EA5DBE00FA68A4 /* GoogleFontPickerUITests */ = {
			isa = PBXNativeTarget;
			buildConfigurationList = 50943BC025EA5DBE00FA68A4 /* Build configuration list for PBXNativeTarget "GoogleFontPickerUITests" */;
			buildPhases = (
				08A31E8BA1EAF3EFB3CCADE9 /* [CP] Check Pods Manifest.lock */,
				50943BAD25EA5DBE00FA68A4 /* Sources */,
				50943BAE25EA5DBE00FA68A4 /* Frameworks */,
				50943BAF25EA5DBE00FA68A4 /* Resources */,
			);
			buildRules = (
			);
			dependencies = (
				50943BB325EA5DBE00FA68A4 /* PBXTargetDependency */,
			);
			name = GoogleFontPickerUITests;
			productName = GoogleFontPickerUITests;
			productReference = 50943BB125EA5DBE00FA68A4 /* GoogleFontPickerUITests.xctest */;
			productType = "com.apple.product-type.bundle.ui-testing";
		};
/* End PBXNativeTarget section */

/* Begin PBXProject section */
		50943B8825EA5DBC00FA68A4 /* Project object */ = {
			isa = PBXProject;
			attributes = {
				LastSwiftUpdateCheck = 1230;
				LastUpgradeCheck = 1230;
				TargetAttributes = {
					50943B8F25EA5DBC00FA68A4 = {
						CreatedOnToolsVersion = 12.3;
					};
					50943BA525EA5DBE00FA68A4 = {
						CreatedOnToolsVersion = 12.3;
						LastSwiftMigration = 1230;
						TestTargetID = 50943B8F25EA5DBC00FA68A4;
					};
					50943BB025EA5DBE00FA68A4 = {
						CreatedOnToolsVersion = 12.3;
						TestTargetID = 50943B8F25EA5DBC00FA68A4;
					};
				};
			};
			buildConfigurationList = 50943B8B25EA5DBC00FA68A4 /* Build configuration list for PBXProject "GoogleFontPicker" */;
			compatibilityVersion = "Xcode 9.3";
			developmentRegion = en;
			hasScannedForEncodings = 0;
			knownRegions = (
				en,
				Base,
			);
			mainGroup = 50943B8725EA5DBC00FA68A4;
			productRefGroup = 50943B9125EA5DBC00FA68A4 /* Products */;
			projectDirPath = "";
			projectRoot = "";
			targets = (
				50943B8F25EA5DBC00FA68A4 /* GoogleFontPicker */,
				50943BA525EA5DBE00FA68A4 /* GoogleFontPickerTests */,
				50943BB025EA5DBE00FA68A4 /* GoogleFontPickerUITests */,
			);
		};
/* End PBXProject section */

/* Begin PBXResourcesBuildPhase section */
		50943B8E25EA5DBC00FA68A4 /* Resources */ = {
			isa = PBXResourcesBuildPhase;
			buildActionMask = 2147483647;
			files = (
				50943BA025EA5DBE00FA68A4 /* LaunchScreen.storyboard in Resources */,
				50943B9D25EA5DBE00FA68A4 /* Assets.xcassets in Resources */,
			);
			runOnlyForDeploymentPostprocessing = 0;
		};
		50943BA425EA5DBE00FA68A4 /* Resources */ = {
			isa = PBXResourcesBuildPhase;
			buildActionMask = 2147483647;
			files = (
				509DDFCF25ECBEE800B4B1A1 /* FontListDTO.json in Resources */,
			);
			runOnlyForDeploymentPostprocessing = 0;
		};
		50943BAF25EA5DBE00FA68A4 /* Resources */ = {
			isa = PBXResourcesBuildPhase;
			buildActionMask = 2147483647;
			files = (
			);
			runOnlyForDeploymentPostprocessing = 0;
		};
/* End PBXResourcesBuildPhase section */

/* Begin PBXShellScriptBuildPhase section */
		08A31E8BA1EAF3EFB3CCADE9 /* [CP] Check Pods Manifest.lock */ = {
			isa = PBXShellScriptBuildPhase;
			buildActionMask = 2147483647;
			files = (
			);
			inputFileListPaths = (
			);
			inputPaths = (
				"${PODS_PODFILE_DIR_PATH}/Podfile.lock",
				"${PODS_ROOT}/Manifest.lock",
			);
			name = "[CP] Check Pods Manifest.lock";
			outputFileListPaths = (
			);
			outputPaths = (
				"$(DERIVED_FILE_DIR)/Pods-GoogleFontPicker-GoogleFontPickerUITests-checkManifestLockResult.txt",
			);
			runOnlyForDeploymentPostprocessing = 0;
			shellPath = /bin/sh;
			shellScript = "diff \"${PODS_PODFILE_DIR_PATH}/Podfile.lock\" \"${PODS_ROOT}/Manifest.lock\" > /dev/null\nif [ $? != 0 ] ; then\n    # print error to STDERR\n    echo \"error: The sandbox is not in sync with the Podfile.lock. Run 'pod install' or update your CocoaPods installation.\" >&2\n    exit 1\nfi\n# This output is used by Xcode 'outputs' to avoid re-running this script phase.\necho \"SUCCESS\" > \"${SCRIPT_OUTPUT_FILE_0}\"\n";
			showEnvVarsInLog = 0;
		};
		5C0BFA9CD3A630606A2C962F /* [CP] Check Pods Manifest.lock */ = {
			isa = PBXShellScriptBuildPhase;
			buildActionMask = 2147483647;
			files = (
			);
			inputFileListPaths = (
			);
			inputPaths = (
				"${PODS_PODFILE_DIR_PATH}/Podfile.lock",
				"${PODS_ROOT}/Manifest.lock",
			);
			name = "[CP] Check Pods Manifest.lock";
			outputFileListPaths = (
			);
			outputPaths = (
				"$(DERIVED_FILE_DIR)/Pods-GoogleFontPickerTests-checkManifestLockResult.txt",
			);
			runOnlyForDeploymentPostprocessing = 0;
			shellPath = /bin/sh;
			shellScript = "diff \"${PODS_PODFILE_DIR_PATH}/Podfile.lock\" \"${PODS_ROOT}/Manifest.lock\" > /dev/null\nif [ $? != 0 ] ; then\n    # print error to STDERR\n    echo \"error: The sandbox is not in sync with the Podfile.lock. Run 'pod install' or update your CocoaPods installation.\" >&2\n    exit 1\nfi\n# This output is used by Xcode 'outputs' to avoid re-running this script phase.\necho \"SUCCESS\" > \"${SCRIPT_OUTPUT_FILE_0}\"\n";
			showEnvVarsInLog = 0;
		};
		E3E61EB70D9C89EE3A42A263 /* [CP] Check Pods Manifest.lock */ = {
			isa = PBXShellScriptBuildPhase;
			buildActionMask = 2147483647;
			files = (
			);
			inputFileListPaths = (
			);
			inputPaths = (
				"${PODS_PODFILE_DIR_PATH}/Podfile.lock",
				"${PODS_ROOT}/Manifest.lock",
			);
			name = "[CP] Check Pods Manifest.lock";
			outputFileListPaths = (
			);
			outputPaths = (
				"$(DERIVED_FILE_DIR)/Pods-GoogleFontPicker-checkManifestLockResult.txt",
			);
			runOnlyForDeploymentPostprocessing = 0;
			shellPath = /bin/sh;
			shellScript = "diff \"${PODS_PODFILE_DIR_PATH}/Podfile.lock\" \"${PODS_ROOT}/Manifest.lock\" > /dev/null\nif [ $? != 0 ] ; then\n    # print error to STDERR\n    echo \"error: The sandbox is not in sync with the Podfile.lock. Run 'pod install' or update your CocoaPods installation.\" >&2\n    exit 1\nfi\n# This output is used by Xcode 'outputs' to avoid re-running this script phase.\necho \"SUCCESS\" > \"${SCRIPT_OUTPUT_FILE_0}\"\n";
			showEnvVarsInLog = 0;
		};
/* End PBXShellScriptBuildPhase section */

/* Begin PBXSourcesBuildPhase section */
		50943B8C25EA5DBC00FA68A4 /* Sources */ = {
			isa = PBXSourcesBuildPhase;
			buildActionMask = 2147483647;
			files = (
				509BFB0A25ECCB340045C946 /* NetworkService.swift in Sources */,
				50943BD725EA677500FA68A4 /* MainViewController.swift in Sources */,
				509BFB0E25ECCB340045C946 /* HTTPMethod.swift in Sources */,
				50943B9425EA5DBC00FA68A4 /* AppDelegate.swift in Sources */,
				509BFB2825ECD4600045C946 /* FontListRequest.swift in Sources */,
				509BFB1325ECCB340045C946 /* URLEncoder.swift in Sources */,
				509BFB0725ECCB340045C946 /* NetworkResponse.swift in Sources */,
				509BFB1225ECCB340045C946 /* NetworkLogger.swift in Sources */,
				509BFB1625ECCB340045C946 /* NetworkRequest.swift in Sources */,
				509BFB0925ECCB340045C946 /* NetworkSession.swift in Sources */,
				509BFAC725ECC7000045C946 /* FontListRemoteRepository.swift in Sources */,
				509BFB1425ECCB340045C946 /* NetworkCancelable.swift in Sources */,
				509BFB1025ECCB340045C946 /* NetworkDecision.swift in Sources */,
				509BFB0F25ECCB340045C946 /* NetworkAdapter.swift in Sources */,
				509BFB1525ECCB340045C946 /* NetworkError.swift in Sources */,
				50943B9625EA5DBC00FA68A4 /* SceneDelegate.swift in Sources */,
				509BFB0D25ECCB340045C946 /* NetworkTask.swift in Sources */,
				50943BE425EA73FE00FA68A4 /* FontEntity.swift in Sources */,
				509BFAC125ECC6780045C946 /* FetchFontsUseCase.swift in Sources */,
				509BFB0C25ECCB340045C946 /* NetworkPlugin.swift in Sources */,
			);
			runOnlyForDeploymentPostprocessing = 0;
		};
		50943BA225EA5DBE00FA68A4 /* Sources */ = {
			isa = PBXSourcesBuildPhase;
			buildActionMask = 2147483647;
			files = (
				509DDFC925ECBE4A00B4B1A1 /* FontListDTO_Tests.swift in Sources */,
				509DDFD725ECBF3400B4B1A1 /* XCTestCase+Extensions.swift in Sources */,
			);
			runOnlyForDeploymentPostprocessing = 0;
		};
		50943BAD25EA5DBE00FA68A4 /* Sources */ = {
			isa = PBXSourcesBuildPhase;
			buildActionMask = 2147483647;
			files = (
				50943BB625EA5DBE00FA68A4 /* GoogleFontPickerUITests.swift in Sources */,
			);
			runOnlyForDeploymentPostprocessing = 0;
		};
/* End PBXSourcesBuildPhase section */

/* Begin PBXTargetDependency section */
		50943BA825EA5DBE00FA68A4 /* PBXTargetDependency */ = {
			isa = PBXTargetDependency;
			target = 50943B8F25EA5DBC00FA68A4 /* GoogleFontPicker */;
			targetProxy = 50943BA725EA5DBE00FA68A4 /* PBXContainerItemProxy */;
		};
		50943BB325EA5DBE00FA68A4 /* PBXTargetDependency */ = {
			isa = PBXTargetDependency;
			target = 50943B8F25EA5DBC00FA68A4 /* GoogleFontPicker */;
			targetProxy = 50943BB225EA5DBE00FA68A4 /* PBXContainerItemProxy */;
		};
/* End PBXTargetDependency section */

/* Begin PBXVariantGroup section */
		50943B9E25EA5DBE00FA68A4 /* LaunchScreen.storyboard */ = {
			isa = PBXVariantGroup;
			children = (
				50943B9F25EA5DBE00FA68A4 /* Base */,
			);
			name = LaunchScreen.storyboard;
			sourceTree = "<group>";
		};
/* End PBXVariantGroup section */

/* Begin XCBuildConfiguration section */
		50943BB825EA5DBE00FA68A4 /* Debug */ = {
			isa = XCBuildConfiguration;
			buildSettings = {
				ALWAYS_SEARCH_USER_PATHS = NO;
				CLANG_ANALYZER_NONNULL = YES;
				CLANG_ANALYZER_NUMBER_OBJECT_CONVERSION = YES_AGGRESSIVE;
				CLANG_CXX_LANGUAGE_STANDARD = "gnu++14";
				CLANG_CXX_LIBRARY = "libc++";
				CLANG_ENABLE_MODULES = YES;
				CLANG_ENABLE_OBJC_ARC = YES;
				CLANG_ENABLE_OBJC_WEAK = YES;
				CLANG_WARN_BLOCK_CAPTURE_AUTORELEASING = YES;
				CLANG_WARN_BOOL_CONVERSION = YES;
				CLANG_WARN_COMMA = YES;
				CLANG_WARN_CONSTANT_CONVERSION = YES;
				CLANG_WARN_DEPRECATED_OBJC_IMPLEMENTATIONS = YES;
				CLANG_WARN_DIRECT_OBJC_ISA_USAGE = YES_ERROR;
				CLANG_WARN_DOCUMENTATION_COMMENTS = YES;
				CLANG_WARN_EMPTY_BODY = YES;
				CLANG_WARN_ENUM_CONVERSION = YES;
				CLANG_WARN_INFINITE_RECURSION = YES;
				CLANG_WARN_INT_CONVERSION = YES;
				CLANG_WARN_NON_LITERAL_NULL_CONVERSION = YES;
				CLANG_WARN_OBJC_IMPLICIT_RETAIN_SELF = YES;
				CLANG_WARN_OBJC_LITERAL_CONVERSION = YES;
				CLANG_WARN_OBJC_ROOT_CLASS = YES_ERROR;
				CLANG_WARN_QUOTED_INCLUDE_IN_FRAMEWORK_HEADER = YES;
				CLANG_WARN_RANGE_LOOP_ANALYSIS = YES;
				CLANG_WARN_STRICT_PROTOTYPES = YES;
				CLANG_WARN_SUSPICIOUS_MOVE = YES;
				CLANG_WARN_UNGUARDED_AVAILABILITY = YES_AGGRESSIVE;
				CLANG_WARN_UNREACHABLE_CODE = YES;
				CLANG_WARN__DUPLICATE_METHOD_MATCH = YES;
				COPY_PHASE_STRIP = NO;
				DEBUG_INFORMATION_FORMAT = dwarf;
				ENABLE_STRICT_OBJC_MSGSEND = YES;
				ENABLE_TESTABILITY = YES;
				GCC_C_LANGUAGE_STANDARD = gnu11;
				GCC_DYNAMIC_NO_PIC = NO;
				GCC_NO_COMMON_BLOCKS = YES;
				GCC_OPTIMIZATION_LEVEL = 0;
				GCC_PREPROCESSOR_DEFINITIONS = (
					"DEBUG=1",
					"$(inherited)",
				);
				GCC_WARN_64_TO_32_BIT_CONVERSION = YES;
				GCC_WARN_ABOUT_RETURN_TYPE = YES_ERROR;
				GCC_WARN_UNDECLARED_SELECTOR = YES;
				GCC_WARN_UNINITIALIZED_AUTOS = YES_AGGRESSIVE;
				GCC_WARN_UNUSED_FUNCTION = YES;
				GCC_WARN_UNUSED_VARIABLE = YES;
				IPHONEOS_DEPLOYMENT_TARGET = 14.3;
				MTL_ENABLE_DEBUG_INFO = INCLUDE_SOURCE;
				MTL_FAST_MATH = YES;
				ONLY_ACTIVE_ARCH = YES;
				SDKROOT = iphoneos;
				SWIFT_ACTIVE_COMPILATION_CONDITIONS = DEBUG;
				SWIFT_OPTIMIZATION_LEVEL = "-Onone";
			};
			name = Debug;
		};
		50943BB925EA5DBE00FA68A4 /* Release */ = {
			isa = XCBuildConfiguration;
			buildSettings = {
				ALWAYS_SEARCH_USER_PATHS = NO;
				CLANG_ANALYZER_NONNULL = YES;
				CLANG_ANALYZER_NUMBER_OBJECT_CONVERSION = YES_AGGRESSIVE;
				CLANG_CXX_LANGUAGE_STANDARD = "gnu++14";
				CLANG_CXX_LIBRARY = "libc++";
				CLANG_ENABLE_MODULES = YES;
				CLANG_ENABLE_OBJC_ARC = YES;
				CLANG_ENABLE_OBJC_WEAK = YES;
				CLANG_WARN_BLOCK_CAPTURE_AUTORELEASING = YES;
				CLANG_WARN_BOOL_CONVERSION = YES;
				CLANG_WARN_COMMA = YES;
				CLANG_WARN_CONSTANT_CONVERSION = YES;
				CLANG_WARN_DEPRECATED_OBJC_IMPLEMENTATIONS = YES;
				CLANG_WARN_DIRECT_OBJC_ISA_USAGE = YES_ERROR;
				CLANG_WARN_DOCUMENTATION_COMMENTS = YES;
				CLANG_WARN_EMPTY_BODY = YES;
				CLANG_WARN_ENUM_CONVERSION = YES;
				CLANG_WARN_INFINITE_RECURSION = YES;
				CLANG_WARN_INT_CONVERSION = YES;
				CLANG_WARN_NON_LITERAL_NULL_CONVERSION = YES;
				CLANG_WARN_OBJC_IMPLICIT_RETAIN_SELF = YES;
				CLANG_WARN_OBJC_LITERAL_CONVERSION = YES;
				CLANG_WARN_OBJC_ROOT_CLASS = YES_ERROR;
				CLANG_WARN_QUOTED_INCLUDE_IN_FRAMEWORK_HEADER = YES;
				CLANG_WARN_RANGE_LOOP_ANALYSIS = YES;
				CLANG_WARN_STRICT_PROTOTYPES = YES;
				CLANG_WARN_SUSPICIOUS_MOVE = YES;
				CLANG_WARN_UNGUARDED_AVAILABILITY = YES_AGGRESSIVE;
				CLANG_WARN_UNREACHABLE_CODE = YES;
				CLANG_WARN__DUPLICATE_METHOD_MATCH = YES;
				COPY_PHASE_STRIP = NO;
				DEBUG_INFORMATION_FORMAT = "dwarf-with-dsym";
				ENABLE_NS_ASSERTIONS = NO;
				ENABLE_STRICT_OBJC_MSGSEND = YES;
				GCC_C_LANGUAGE_STANDARD = gnu11;
				GCC_NO_COMMON_BLOCKS = YES;
				GCC_WARN_64_TO_32_BIT_CONVERSION = YES;
				GCC_WARN_ABOUT_RETURN_TYPE = YES_ERROR;
				GCC_WARN_UNDECLARED_SELECTOR = YES;
				GCC_WARN_UNINITIALIZED_AUTOS = YES_AGGRESSIVE;
				GCC_WARN_UNUSED_FUNCTION = YES;
				GCC_WARN_UNUSED_VARIABLE = YES;
				IPHONEOS_DEPLOYMENT_TARGET = 14.3;
				MTL_ENABLE_DEBUG_INFO = NO;
				MTL_FAST_MATH = YES;
				SDKROOT = iphoneos;
				SWIFT_COMPILATION_MODE = wholemodule;
				SWIFT_OPTIMIZATION_LEVEL = "-O";
				VALIDATE_PRODUCT = YES;
			};
			name = Release;
		};
		50943BBB25EA5DBE00FA68A4 /* Debug */ = {
			isa = XCBuildConfiguration;
			baseConfigurationReference = 59E2A2693679D46C8CFC3337 /* Pods-GoogleFontPicker.debug.xcconfig */;
			buildSettings = {
				ASSETCATALOG_COMPILER_APPICON_NAME = AppIcon;
				ASSETCATALOG_COMPILER_GLOBAL_ACCENT_COLOR_NAME = AccentColor;
				CODE_SIGN_STYLE = Automatic;
				DEVELOPMENT_TEAM = 8472A969UK;
				INFOPLIST_FILE = GoogleFontPicker/Info.plist;
				LD_RUNPATH_SEARCH_PATHS = (
					"$(inherited)",
					"@executable_path/Frameworks",
				);
				PRODUCT_BUNDLE_IDENTIFIER = com.ohlulu.GoogleFontPicker;
				PRODUCT_NAME = "$(TARGET_NAME)";
				SWIFT_VERSION = 5.0;
				TARGETED_DEVICE_FAMILY = 1;
			};
			name = Debug;
		};
		50943BBC25EA5DBE00FA68A4 /* Release */ = {
			isa = XCBuildConfiguration;
			baseConfigurationReference = 0421805482EB53F0422E8E5D /* Pods-GoogleFontPicker.release.xcconfig */;
			buildSettings = {
				ASSETCATALOG_COMPILER_APPICON_NAME = AppIcon;
				ASSETCATALOG_COMPILER_GLOBAL_ACCENT_COLOR_NAME = AccentColor;
				CODE_SIGN_STYLE = Automatic;
				DEVELOPMENT_TEAM = 8472A969UK;
				INFOPLIST_FILE = GoogleFontPicker/Info.plist;
				LD_RUNPATH_SEARCH_PATHS = (
					"$(inherited)",
					"@executable_path/Frameworks",
				);
				PRODUCT_BUNDLE_IDENTIFIER = com.ohlulu.GoogleFontPicker;
				PRODUCT_NAME = "$(TARGET_NAME)";
				SWIFT_VERSION = 5.0;
				TARGETED_DEVICE_FAMILY = 1;
			};
			name = Release;
		};
		50943BBE25EA5DBE00FA68A4 /* Debug */ = {
			isa = XCBuildConfiguration;
			baseConfigurationReference = 0E9E933BCDA6A5686A6F3549 /* Pods-GoogleFontPickerTests.debug.xcconfig */;
			buildSettings = {
				ALWAYS_EMBED_SWIFT_STANDARD_LIBRARIES = YES;
				BUNDLE_LOADER = "$(TEST_HOST)";
				CLANG_ENABLE_MODULES = YES;
				CODE_SIGN_STYLE = Automatic;
				DEVELOPMENT_TEAM = 8472A969UK;
				INFOPLIST_FILE = GoogleFontPickerTests/Info.plist;
				IPHONEOS_DEPLOYMENT_TARGET = 14.3;
				LD_RUNPATH_SEARCH_PATHS = (
					"$(inherited)",
					"@executable_path/Frameworks",
					"@loader_path/Frameworks",
				);
				PRODUCT_BUNDLE_IDENTIFIER = com.ohlulu.GoogleFontPickerTests;
				PRODUCT_NAME = "$(TARGET_NAME)";
				SWIFT_OBJC_BRIDGING_HEADER = "GoogleFontPickerTests/GoogleFontPickerTests-Bridging-Header.h";
				SWIFT_OPTIMIZATION_LEVEL = "-Onone";
				SWIFT_VERSION = 5.0;
				TARGETED_DEVICE_FAMILY = "1,2";
				TEST_HOST = "$(BUILT_PRODUCTS_DIR)/GoogleFontPicker.app/GoogleFontPicker";
			};
			name = Debug;
		};
		50943BBF25EA5DBE00FA68A4 /* Release */ = {
			isa = XCBuildConfiguration;
			baseConfigurationReference = 4284E0DCC610424BC090DD64 /* Pods-GoogleFontPickerTests.release.xcconfig */;
			buildSettings = {
				ALWAYS_EMBED_SWIFT_STANDARD_LIBRARIES = YES;
				BUNDLE_LOADER = "$(TEST_HOST)";
				CLANG_ENABLE_MODULES = YES;
				CODE_SIGN_STYLE = Automatic;
				DEVELOPMENT_TEAM = 8472A969UK;
				INFOPLIST_FILE = GoogleFontPickerTests/Info.plist;
				IPHONEOS_DEPLOYMENT_TARGET = 14.3;
				LD_RUNPATH_SEARCH_PATHS = (
					"$(inherited)",
					"@executable_path/Frameworks",
					"@loader_path/Frameworks",
				);
				PRODUCT_BUNDLE_IDENTIFIER = com.ohlulu.GoogleFontPickerTests;
				PRODUCT_NAME = "$(TARGET_NAME)";
				SWIFT_OBJC_BRIDGING_HEADER = "GoogleFontPickerTests/GoogleFontPickerTests-Bridging-Header.h";
				SWIFT_VERSION = 5.0;
				TARGETED_DEVICE_FAMILY = "1,2";
				TEST_HOST = "$(BUILT_PRODUCTS_DIR)/GoogleFontPicker.app/GoogleFontPicker";
			};
			name = Release;
		};
		50943BC125EA5DBE00FA68A4 /* Debug */ = {
			isa = XCBuildConfiguration;
			baseConfigurationReference = 5345EB520536BE34D79EAF6C /* Pods-GoogleFontPicker-GoogleFontPickerUITests.debug.xcconfig */;
			buildSettings = {
				ALWAYS_EMBED_SWIFT_STANDARD_LIBRARIES = YES;
				CODE_SIGN_STYLE = Automatic;
				DEVELOPMENT_TEAM = 8472A969UK;
				INFOPLIST_FILE = GoogleFontPickerUITests/Info.plist;
				LD_RUNPATH_SEARCH_PATHS = (
					"$(inherited)",
					"@executable_path/Frameworks",
					"@loader_path/Frameworks",
				);
				PRODUCT_BUNDLE_IDENTIFIER = com.ohlulu.GoogleFontPickerUITests;
				PRODUCT_NAME = "$(TARGET_NAME)";
				SWIFT_VERSION = 5.0;
				TARGETED_DEVICE_FAMILY = "1,2";
				TEST_TARGET_NAME = GoogleFontPicker;
			};
			name = Debug;
		};
		50943BC225EA5DBE00FA68A4 /* Release */ = {
			isa = XCBuildConfiguration;
			baseConfigurationReference = 836E1BF58E990BAA2208BB6D /* Pods-GoogleFontPicker-GoogleFontPickerUITests.release.xcconfig */;
			buildSettings = {
				ALWAYS_EMBED_SWIFT_STANDARD_LIBRARIES = YES;
				CODE_SIGN_STYLE = Automatic;
				DEVELOPMENT_TEAM = 8472A969UK;
				INFOPLIST_FILE = GoogleFontPickerUITests/Info.plist;
				LD_RUNPATH_SEARCH_PATHS = (
					"$(inherited)",
					"@executable_path/Frameworks",
					"@loader_path/Frameworks",
				);
				PRODUCT_BUNDLE_IDENTIFIER = com.ohlulu.GoogleFontPickerUITests;
				PRODUCT_NAME = "$(TARGET_NAME)";
				SWIFT_VERSION = 5.0;
				TARGETED_DEVICE_FAMILY = "1,2";
				TEST_TARGET_NAME = GoogleFontPicker;
			};
			name = Release;
		};
/* End XCBuildConfiguration section */

/* Begin XCConfigurationList section */
		50943B8B25EA5DBC00FA68A4 /* Build configuration list for PBXProject "GoogleFontPicker" */ = {
			isa = XCConfigurationList;
			buildConfigurations = (
				50943BB825EA5DBE00FA68A4 /* Debug */,
				50943BB925EA5DBE00FA68A4 /* Release */,
			);
			defaultConfigurationIsVisible = 0;
			defaultConfigurationName = Release;
		};
		50943BBA25EA5DBE00FA68A4 /* Build configuration list for PBXNativeTarget "GoogleFontPicker" */ = {
			isa = XCConfigurationList;
			buildConfigurations = (
				50943BBB25EA5DBE00FA68A4 /* Debug */,
				50943BBC25EA5DBE00FA68A4 /* Release */,
			);
			defaultConfigurationIsVisible = 0;
			defaultConfigurationName = Release;
		};
		50943BBD25EA5DBE00FA68A4 /* Build configuration list for PBXNativeTarget "GoogleFontPickerTests" */ = {
			isa = XCConfigurationList;
			buildConfigurations = (
				50943BBE25EA5DBE00FA68A4 /* Debug */,
				50943BBF25EA5DBE00FA68A4 /* Release */,
			);
			defaultConfigurationIsVisible = 0;
			defaultConfigurationName = Release;
		};
		50943BC025EA5DBE00FA68A4 /* Build configuration list for PBXNativeTarget "GoogleFontPickerUITests" */ = {
			isa = XCConfigurationList;
			buildConfigurations = (
				50943BC125EA5DBE00FA68A4 /* Debug */,
				50943BC225EA5DBE00FA68A4 /* Release */,
			);
			defaultConfigurationIsVisible = 0;
			defaultConfigurationName = Release;
		};
/* End XCConfigurationList section */
	};
	rootObject = 50943B8825EA5DBC00FA68A4 /* Project object */;
}
